
Microsoft Visual Studio Solution File, Format Version 12.00
# Visual Studio 15
VisualStudioVersion = 15.0.26711.1
MinimumVisualStudioVersion = 10.0.40219.1
Project("{9A19103F-16F7-4668-BE54-9A1E7A4F7556}") = "jsreport.Client", "..\jsreport-dotnet-client\jsreport.Client\jsreport.Client.csproj", "{58E6E868-46FB-472B-9040-B004FDEEE556}"
EndProject
Project("{9A19103F-16F7-4668-BE54-9A1E7A4F7556}") = "jsreport.Local", "..\jsreport-dotnet-local\jsreport.Local\jsreport.Local.csproj", "{433FCADC-00DD-4DC2-91A5-D6F0972E45BD}"
EndProject
Project("{9A19103F-16F7-4668-BE54-9A1E7A4F7556}") = "jsreport.Binary", "..\jsreport-dotnet-binary\jsreport.Binary\jsreport.Binary.csproj", "{3CE3691E-7365-4B44-A088-D03AA0429E10}"
EndProject
Project("{9A19103F-16F7-4668-BE54-9A1E7A4F7556}") = "jsreport.MVC", "..\jsreport-dotnet-mvc\jsreport.MVC\jsreport.MVC.csproj", "{400B9F71-57A3-42D5-8298-43D0FCAB8587}"
EndProject
Project("{9A19103F-16F7-4668-BE54-9A1E7A4F7556}") = "jsreport.Types", "..\jsreport-dotnet-types\jsreport.Types\jsreport.Types.csproj", "{3FA48086-F641-45FD-B005-E48FF50A1194}"
EndProject
Project("{9A19103F-16F7-4668-BE54-9A1E7A4F7556}") = "jsreport.Shared", "..\jsreport-dotnet-shared\jsreport.Shared\jsreport.Shared.csproj", "{F122C64B-0A7C-42AC-8466-36E0A8853BCB}"
EndProject
Project("{FAE04EC0-301F-11D3-BF4B-00C04F79EFBC}") = "jsreport.VSTools", "..\jsreport-dotnet-vstools\jsreport.VSTools\jsreport.VSTools.csproj", "{ECCB4478-561D-470C-838E-40A344F1097F}"
EndProject
Project("{2150E333-8FDC-42A3-9474-1A3956D46DE8}") = "examples", "examples", "{CC637E01-8253-4FFE-8BE7-20999AC2656C}"
EndProject
Project("{9A19103F-16F7-4668-BE54-9A1E7A4F7556}") = "ConsoleApp", "examples\ConsoleApp\ConsoleApp.csproj", "{33862DE0-9ED5-4211-9292-A8D91048D22C}"
EndProject
Project("{9A19103F-16F7-4668-BE54-9A1E7A4F7556}") = "WebApp", "examples\WebApp\WebApp.csproj", "{38F17773-D09A-455A-B9D1-8F8A8E8BF910}"
EndProject
Project("{2150E333-8FDC-42A3-9474-1A3956D46DE8}") = "test", "test", "{84FAD803-2695-484B-B1EA-BC2301E2A9CC}"
EndProject
Project("{9A19103F-16F7-4668-BE54-9A1E7A4F7556}") = "jsreport.Binary.Test", "..\jsreport-dotnet-binary\jsreport.Binary.Test\jsreport.Binary.Test.csproj", "{CC77CF13-AC62-4263-93F5-DC3BFA1C58A7}"
EndProject
Project("{9A19103F-16F7-4668-BE54-9A1E7A4F7556}") = "jsreport.Local.Test", "..\jsreport-dotnet-local\jsreport.Local.Test\jsreport.Local.Test.csproj", "{C0F5F1EE-48D8-42B4-A95A-889633818841}"
EndProject
Project("{9A19103F-16F7-4668-BE54-9A1E7A4F7556}") = "jsreport.Shared.Test", "..\jsreport-dotnet-shared\jsreport.Shared.Test\jsreport.Shared.Test.csproj", "{DCDA8DF5-6FFC-4957-927A-2CD7D333E1DC}"
EndProject
Project("{9A19103F-16F7-4668-BE54-9A1E7A4F7556}") = "jsreport.Client.Test", "..\jsreport-dotnet-client\jsreport.Client.Test\jsreport.Client.Test.csproj", "{0DF3BA84-8922-47B1-8218-0356EDE9DC10}"
EndProject
Project("{9A19103F-16F7-4668-BE54-9A1E7A4F7556}") = "jsreport.MVC.Test", "..\jsreport-dotnet-mvc\jsreport.MVC.Test\jsreport.MVC.Test.csproj", "{78FB2E9D-A7F7-48EC-99F3-D3DEBB04180A}"
EndProject
Project("{2150E333-8FDC-42A3-9474-1A3956D46DE8}") = "tools", "tools", "{91699C38-00A5-45A3-8A44-1F60FAA5B070}"
	ProjectSection(SolutionItems) = preProject
		clone-all.bat = clone-all.bat
		pull-all.bat = pull-all.bat
	EndProjectSection
EndProject
Global
	GlobalSection(SolutionConfigurationPlatforms) = preSolution
		Debug|Any CPU = Debug|Any CPU
		Release|Any CPU = Release|Any CPU
	EndGlobalSection
	GlobalSection(ProjectConfigurationPlatforms) = postSolution
		{58E6E868-46FB-472B-9040-B004FDEEE556}.Debug|Any CPU.ActiveCfg = Debug|Any CPU
		{58E6E868-46FB-472B-9040-B004FDEEE556}.Debug|Any CPU.Build.0 = Debug|Any CPU
		{58E6E868-46FB-472B-9040-B004FDEEE556}.Release|Any CPU.ActiveCfg = Release|Any CPU
		{58E6E868-46FB-472B-9040-B004FDEEE556}.Release|Any CPU.Build.0 = Release|Any CPU
		{433FCADC-00DD-4DC2-91A5-D6F0972E45BD}.Debug|Any CPU.ActiveCfg = Debug|Any CPU
		{433FCADC-00DD-4DC2-91A5-D6F0972E45BD}.Debug|Any CPU.Build.0 = Debug|Any CPU
		{433FCADC-00DD-4DC2-91A5-D6F0972E45BD}.Release|Any CPU.ActiveCfg = Release|Any CPU
		{433FCADC-00DD-4DC2-91A5-D6F0972E45BD}.Release|Any CPU.Build.0 = Release|Any CPU
		{3CE3691E-7365-4B44-A088-D03AA0429E10}.Debug|Any CPU.ActiveCfg = Debug|Any CPU
		{3CE3691E-7365-4B44-A088-D03AA0429E10}.Debug|Any CPU.Build.0 = Debug|Any CPU
		{3CE3691E-7365-4B44-A088-D03AA0429E10}.Release|Any CPU.ActiveCfg = Release|Any CPU
		{3CE3691E-7365-4B44-A088-D03AA0429E10}.Release|Any CPU.Build.0 = Release|Any CPU
		{400B9F71-57A3-42D5-8298-43D0FCAB8587}.Debug|Any CPU.ActiveCfg = Debug|Any CPU
		{400B9F71-57A3-42D5-8298-43D0FCAB8587}.Debug|Any CPU.Build.0 = Debug|Any CPU
		{400B9F71-57A3-42D5-8298-43D0FCAB8587}.Release|Any CPU.ActiveCfg = Release|Any CPU
		{400B9F71-57A3-42D5-8298-43D0FCAB8587}.Release|Any CPU.Build.0 = Release|Any CPU
		{3FA48086-F641-45FD-B005-E48FF50A1194}.Debug|Any CPU.ActiveCfg = Debug|Any CPU
		{3FA48086-F641-45FD-B005-E48FF50A1194}.Debug|Any CPU.Build.0 = Debug|Any CPU
		{3FA48086-F641-45FD-B005-E48FF50A1194}.Release|Any CPU.ActiveCfg = Release|Any CPU
		{3FA48086-F641-45FD-B005-E48FF50A1194}.Release|Any CPU.Build.0 = Release|Any CPU
		{F122C64B-0A7C-42AC-8466-36E0A8853BCB}.Debug|Any CPU.ActiveCfg = Debug|Any CPU
		{F122C64B-0A7C-42AC-8466-36E0A8853BCB}.Debug|Any CPU.Build.0 = Debug|Any CPU
		{F122C64B-0A7C-42AC-8466-36E0A8853BCB}.Release|Any CPU.ActiveCfg = Release|Any CPU
		{F122C64B-0A7C-42AC-8466-36E0A8853BCB}.Release|Any CPU.Build.0 = Release|Any CPU
		{ECCB4478-561D-470C-838E-40A344F1097F}.Debug|Any CPU.ActiveCfg = Debug|Any CPU
		{ECCB4478-561D-470C-838E-40A344F1097F}.Debug|Any CPU.Build.0 = Debug|Any CPU
		{ECCB4478-561D-470C-838E-40A344F1097F}.Release|Any CPU.ActiveCfg = Release|Any CPU
		{ECCB4478-561D-470C-838E-40A344F1097F}.Release|Any CPU.Build.0 = Release|Any CPU
		{33862DE0-9ED5-4211-9292-A8D91048D22C}.Debug|Any CPU.ActiveCfg = Debug|Any CPU
		{33862DE0-9ED5-4211-9292-A8D91048D22C}.Debug|Any CPU.Build.0 = Debug|Any CPU
		{33862DE0-9ED5-4211-9292-A8D91048D22C}.Release|Any CPU.ActiveCfg = Release|Any CPU
		{33862DE0-9ED5-4211-9292-A8D91048D22C}.Release|Any CPU.Build.0 = Release|Any CPU
		{38F17773-D09A-455A-B9D1-8F8A8E8BF910}.Debug|Any CPU.ActiveCfg = Debug|Any CPU
		{38F17773-D09A-455A-B9D1-8F8A8E8BF910}.Debug|Any CPU.Build.0 = Debug|Any CPU
		{38F17773-D09A-455A-B9D1-8F8A8E8BF910}.Release|Any CPU.ActiveCfg = Release|Any CPU
		{38F17773-D09A-455A-B9D1-8F8A8E8BF910}.Release|Any CPU.Build.0 = Release|Any CPU
		{CC77CF13-AC62-4263-93F5-DC3BFA1C58A7}.Debug|Any CPU.ActiveCfg = Debug|Any CPU
		{CC77CF13-AC62-4263-93F5-DC3BFA1C58A7}.Debug|Any CPU.Build.0 = Debug|Any CPU
		{CC77CF13-AC62-4263-93F5-DC3BFA1C58A7}.Release|Any CPU.ActiveCfg = Release|Any CPU
		{CC77CF13-AC62-4263-93F5-DC3BFA1C58A7}.Release|Any CPU.Build.0 = Release|Any CPU
		{C0F5F1EE-48D8-42B4-A95A-889633818841}.Debug|Any CPU.ActiveCfg = Debug|Any CPU
		{C0F5F1EE-48D8-42B4-A95A-889633818841}.Debug|Any CPU.Build.0 = Debug|Any CPU
		{C0F5F1EE-48D8-42B4-A95A-889633818841}.Release|Any CPU.ActiveCfg = Release|Any CPU
		{C0F5F1EE-48D8-42B4-A95A-889633818841}.Release|Any CPU.Build.0 = Release|Any CPU
		{DCDA8DF5-6FFC-4957-927A-2CD7D333E1DC}.Debug|Any CPU.ActiveCfg = Debug|Any CPU
		{DCDA8DF5-6FFC-4957-927A-2CD7D333E1DC}.Debug|Any CPU.Build.0 = Debug|Any CPU
		{DCDA8DF5-6FFC-4957-927A-2CD7D333E1DC}.Release|Any CPU.ActiveCfg = Release|Any CPU
		{DCDA8DF5-6FFC-4957-927A-2CD7D333E1DC}.Release|Any CPU.Build.0 = Release|Any CPU
		{0DF3BA84-8922-47B1-8218-0356EDE9DC10}.Debug|Any CPU.ActiveCfg = Debug|Any CPU
		{0DF3BA84-8922-47B1-8218-0356EDE9DC10}.Debug|Any CPU.Build.0 = Debug|Any CPU
		{0DF3BA84-8922-47B1-8218-0356EDE9DC10}.Release|Any CPU.ActiveCfg = Release|Any CPU
		{0DF3BA84-8922-47B1-8218-0356EDE9DC10}.Release|Any CPU.Build.0 = Release|Any CPU
		{78FB2E9D-A7F7-48EC-99F3-D3DEBB04180A}.Debug|Any CPU.ActiveCfg = Debug|Any CPU
		{78FB2E9D-A7F7-48EC-99F3-D3DEBB04180A}.Debug|Any CPU.Build.0 = Debug|Any CPU
		{78FB2E9D-A7F7-48EC-99F3-D3DEBB04180A}.Release|Any CPU.ActiveCfg = Release|Any CPU
		{78FB2E9D-A7F7-48EC-99F3-D3DEBB04180A}.Release|Any CPU.Build.0 = Release|Any CPU
	EndGlobalSection
	GlobalSection(SolutionProperties) = preSolution
		HideSolutionNode = FALSE
	EndGlobalSection
	GlobalSection(NestedProjects) = preSolution
		{33862DE0-9ED5-4211-9292-A8D91048D22C} = {CC637E01-8253-4FFE-8BE7-20999AC2656C}
		{38F17773-D09A-455A-B9D1-8F8A8E8BF910} = {CC637E01-8253-4FFE-8BE7-20999AC2656C}
		{CC77CF13-AC62-4263-93F5-DC3BFA1C58A7} = {84FAD803-2695-484B-B1EA-BC2301E2A9CC}
		{C0F5F1EE-48D8-42B4-A95A-889633818841} = {84FAD803-2695-484B-B1EA-BC2301E2A9CC}
		{DCDA8DF5-6FFC-4957-927A-2CD7D333E1DC} = {84FAD803-2695-484B-B1EA-BC2301E2A9CC}
		{0DF3BA84-8922-47B1-8218-0356EDE9DC10} = {84FAD803-2695-484B-B1EA-BC2301E2A9CC}
		{78FB2E9D-A7F7-48EC-99F3-D3DEBB04180A} = {84FAD803-2695-484B-B1EA-BC2301E2A9CC}
	EndGlobalSection
	GlobalSection(ExtensibilityGlobals) = postSolution
		SolutionGuid = {50D067BC-05D8-4962-8943-D4BACCD3D516}
	EndGlobalSection
EndGlobal
