
Microsoft Visual Studio Solution File, Format Version 12.00
# Visual Studio 15
VisualStudioVersion = 15.0.26724.1
MinimumVisualStudioVersion = 10.0.40219.1
Project("{9A19103F-16F7-4668-BE54-9A1E7A4F7556}") = "jsreport.Client", "..\jsreport-dotnet-client\jsreport.Client\jsreport.Client.csproj", "{58E6E868-46FB-472B-9040-B004FDEEE556}"
EndProject
Project("{9A19103F-16F7-4668-BE54-9A1E7A4F7556}") = "jsreport.Local", "..\jsreport-dotnet-local\jsreport.Local\jsreport.Local.csproj", "{433FCADC-00DD-4DC2-91A5-D6F0972E45BD}"
EndProject
Project("{9A19103F-16F7-4668-BE54-9A1E7A4F7556}") = "jsreport.Binary", "..\jsreport-dotnet-binary\jsreport.Binary\jsreport.Binary.csproj", "{3CE3691E-7365-4B44-A088-D03AA0429E10}"
EndProject
Project("{9A19103F-16F7-4668-BE54-9A1E7A4F7556}") = "jsreport.Types", "..\jsreport-dotnet-types\jsreport.Types\jsreport.Types.csproj", "{3FA48086-F641-45FD-B005-E48FF50A1194}"
EndProject
Project("{9A19103F-16F7-4668-BE54-9A1E7A4F7556}") = "jsreport.Shared", "..\jsreport-dotnet-shared\jsreport.Shared\jsreport.Shared.csproj", "{F122C64B-0A7C-42AC-8466-36E0A8853BCB}"
EndProject
Project("{FAE04EC0-301F-11D3-BF4B-00C04F79EFBC}") = "jsreport.VSTools", "..\jsreport-dotnet-vstools\jsreport.VSTools\jsreport.VSTools.csproj", "{ECCB4478-561D-470C-838E-40A344F1097F}"
EndProject
Project("{2150E333-8FDC-42A3-9474-1A3956D46DE8}") = "examples", "examples", "{CC637E01-8253-4FFE-8BE7-20999AC2656C}"
EndProject
Project("{2150E333-8FDC-42A3-9474-1A3956D46DE8}") = "test", "test", "{84FAD803-2695-484B-B1EA-BC2301E2A9CC}"
EndProject
Project("{9A19103F-16F7-4668-BE54-9A1E7A4F7556}") = "jsreport.Binary.Test", "..\jsreport-dotnet-binary\jsreport.Binary.Test\jsreport.Binary.Test.csproj", "{CC77CF13-AC62-4263-93F5-DC3BFA1C58A7}"
EndProject
Project("{9A19103F-16F7-4668-BE54-9A1E7A4F7556}") = "jsreport.Local.Test", "..\jsreport-dotnet-local\jsreport.Local.Test\jsreport.Local.Test.csproj", "{C0F5F1EE-48D8-42B4-A95A-889633818841}"
EndProject
Project("{9A19103F-16F7-4668-BE54-9A1E7A4F7556}") = "jsreport.Shared.Test", "..\jsreport-dotnet-shared\jsreport.Shared.Test\jsreport.Shared.Test.csproj", "{DCDA8DF5-6FFC-4957-927A-2CD7D333E1DC}"
EndProject
Project("{9A19103F-16F7-4668-BE54-9A1E7A4F7556}") = "jsreport.Client.Test", "..\jsreport-dotnet-client\jsreport.Client.Test\jsreport.Client.Test.csproj", "{0DF3BA84-8922-47B1-8218-0356EDE9DC10}"
EndProject
Project("{2150E333-8FDC-42A3-9474-1A3956D46DE8}") = "tools", "tools", "{91699C38-00A5-45A3-8A44-1F60FAA5B070}"
	ProjectSection(SolutionItems) = preProject
		clone-all.bat = clone-all.bat
		pull-all.bat = pull-all.bat
	EndProjectSection
EndProject
Project("{9A19103F-16F7-4668-BE54-9A1E7A4F7556}") = "jsreport.Binary.Linux", "..\jsreport-dotnet-binary-linux\jsreport.Binary.Linux\jsreport.Binary.Linux.csproj", "{54E089B6-CD73-40B5-B5AF-5A9F46B29605}"
EndProject
Project("{9A19103F-16F7-4668-BE54-9A1E7A4F7556}") = "jsreport.Binary.Linux.Test", "..\jsreport-dotnet-binary-linux\jsreport.Binary.Linux.Test\jsreport.Binary.Linux.Test.csproj", "{3ACE78F6-C733-4D60-AAA6-0E570FAED7E1}"
EndProject
Project("{9A19103F-16F7-4668-BE54-9A1E7A4F7556}") = "ConsoleApp", "..\jsreport-dotnet-example-consoleapp\ConsoleApp.csproj", "{8FA98FC2-EFE2-49E9-B3CB-BDF89CD4F9EF}"
EndProject
Project("{9A19103F-16F7-4668-BE54-9A1E7A4F7556}") = "WebApp", "..\jsreport-dotnet-example-webapp\WebApp.csproj", "{FEEB5E2E-2207-4F0B-8454-1D144E12DB7F}"
EndProject
Project("{9A19103F-16F7-4668-BE54-9A1E7A4F7556}") = "jsreport.AspNetCore", "..\jsreport-dotnet-aspnetcore\jsreport.AspNetCore\jsreport.AspNetCore.csproj", "{D5E143CB-93FF-4013-9F6E-D7CC1F069CFF}"
EndProject
Project("{9A19103F-16F7-4668-BE54-9A1E7A4F7556}") = "jsreport.AspNetCore.Test", "..\jsreport-dotnet-aspnetcore\jsreport.AspNetCore.Test\jsreport.AspNetCore.Test.csproj", "{7E040709-862E-4455-93A4-0F0DCE75D1D9}"
EndProject
Global
	GlobalSection(SolutionConfigurationPlatforms) = preSolution
		Debug|Any CPU = Debug|Any CPU
		Release|Any CPU = Release|Any CPU
	EndGlobalSection
	GlobalSection(ProjectConfigurationPlatforms) = postSolution
		{58E6E868-46FB-472B-9040-B004FDEEE556}.Debug|Any CPU.ActiveCfg = Debug|Any CPU
		{58E6E868-46FB-472B-9040-B004FDEEE556}.Debug|Any CPU.Build.0 = Debug|Any CPU
		{58E6E868-46FB-472B-9040-B004FDEEE556}.Release|Any CPU.ActiveCfg = Release|Any CPU
		{58E6E868-46FB-472B-9040-B004FDEEE556}.Release|Any CPU.Build.0 = Release|Any CPU
		{433FCADC-00DD-4DC2-91A5-D6F0972E45BD}.Debug|Any CPU.ActiveCfg = Debug|Any CPU
		{433FCADC-00DD-4DC2-91A5-D6F0972E45BD}.Debug|Any CPU.Build.0 = Debug|Any CPU
		{433FCADC-00DD-4DC2-91A5-D6F0972E45BD}.Release|Any CPU.ActiveCfg = Release|Any CPU
		{433FCADC-00DD-4DC2-91A5-D6F0972E45BD}.Release|Any CPU.Build.0 = Release|Any CPU
		{3CE3691E-7365-4B44-A088-D03AA0429E10}.Debug|Any CPU.ActiveCfg = Debug|Any CPU
		{3CE3691E-7365-4B44-A088-D03AA0429E10}.Debug|Any CPU.Build.0 = Debug|Any CPU
		{3CE3691E-7365-4B44-A088-D03AA0429E10}.Release|Any CPU.ActiveCfg = Release|Any CPU
		{3CE3691E-7365-4B44-A088-D03AA0429E10}.Release|Any CPU.Build.0 = Release|Any CPU
		{3FA48086-F641-45FD-B005-E48FF50A1194}.Debug|Any CPU.ActiveCfg = Debug|Any CPU
		{3FA48086-F641-45FD-B005-E48FF50A1194}.Debug|Any CPU.Build.0 = Debug|Any CPU
		{3FA48086-F641-45FD-B005-E48FF50A1194}.Release|Any CPU.ActiveCfg = Release|Any CPU
		{3FA48086-F641-45FD-B005-E48FF50A1194}.Release|Any CPU.Build.0 = Release|Any CPU
		{F122C64B-0A7C-42AC-8466-36E0A8853BCB}.Debug|Any CPU.ActiveCfg = Debug|Any CPU
		{F122C64B-0A7C-42AC-8466-36E0A8853BCB}.Debug|Any CPU.Build.0 = Debug|Any CPU
		{F122C64B-0A7C-42AC-8466-36E0A8853BCB}.Release|Any CPU.ActiveCfg = Release|Any CPU
		{F122C64B-0A7C-42AC-8466-36E0A8853BCB}.Release|Any CPU.Build.0 = Release|Any CPU
		{ECCB4478-561D-470C-838E-40A344F1097F}.Debug|Any CPU.ActiveCfg = Debug|Any CPU
		{ECCB4478-561D-470C-838E-40A344F1097F}.Debug|Any CPU.Build.0 = Debug|Any CPU
		{ECCB4478-561D-470C-838E-40A344F1097F}.Release|Any CPU.ActiveCfg = Release|Any CPU
		{ECCB4478-561D-470C-838E-40A344F1097F}.Release|Any CPU.Build.0 = Release|Any CPU
		{CC77CF13-AC62-4263-93F5-DC3BFA1C58A7}.Debug|Any CPU.ActiveCfg = Debug|Any CPU
		{CC77CF13-AC62-4263-93F5-DC3BFA1C58A7}.Debug|Any CPU.Build.0 = Debug|Any CPU
		{CC77CF13-AC62-4263-93F5-DC3BFA1C58A7}.Release|Any CPU.ActiveCfg = Release|Any CPU
		{CC77CF13-AC62-4263-93F5-DC3BFA1C58A7}.Release|Any CPU.Build.0 = Release|Any CPU
		{C0F5F1EE-48D8-42B4-A95A-889633818841}.Debug|Any CPU.ActiveCfg = Debug|Any CPU
		{C0F5F1EE-48D8-42B4-A95A-889633818841}.Debug|Any CPU.Build.0 = Debug|Any CPU
		{C0F5F1EE-48D8-42B4-A95A-889633818841}.Release|Any CPU.ActiveCfg = Release|Any CPU
		{C0F5F1EE-48D8-42B4-A95A-889633818841}.Release|Any CPU.Build.0 = Release|Any CPU
		{DCDA8DF5-6FFC-4957-927A-2CD7D333E1DC}.Debug|Any CPU.ActiveCfg = Debug|Any CPU
		{DCDA8DF5-6FFC-4957-927A-2CD7D333E1DC}.Debug|Any CPU.Build.0 = Debug|Any CPU
		{DCDA8DF5-6FFC-4957-927A-2CD7D333E1DC}.Release|Any CPU.ActiveCfg = Release|Any CPU
		{DCDA8DF5-6FFC-4957-927A-2CD7D333E1DC}.Release|Any CPU.Build.0 = Release|Any CPU
		{0DF3BA84-8922-47B1-8218-0356EDE9DC10}.Debug|Any CPU.ActiveCfg = Debug|Any CPU
		{0DF3BA84-8922-47B1-8218-0356EDE9DC10}.Debug|Any CPU.Build.0 = Debug|Any CPU
		{0DF3BA84-8922-47B1-8218-0356EDE9DC10}.Release|Any CPU.ActiveCfg = Release|Any CPU
		{0DF3BA84-8922-47B1-8218-0356EDE9DC10}.Release|Any CPU.Build.0 = Release|Any CPU
		{54E089B6-CD73-40B5-B5AF-5A9F46B29605}.Debug|Any CPU.ActiveCfg = Debug|Any CPU
		{54E089B6-CD73-40B5-B5AF-5A9F46B29605}.Debug|Any CPU.Build.0 = Debug|Any CPU
		{54E089B6-CD73-40B5-B5AF-5A9F46B29605}.Release|Any CPU.ActiveCfg = Release|Any CPU
		{54E089B6-CD73-40B5-B5AF-5A9F46B29605}.Release|Any CPU.Build.0 = Release|Any CPU
		{3ACE78F6-C733-4D60-AAA6-0E570FAED7E1}.Debug|Any CPU.ActiveCfg = Debug|Any CPU
		{3ACE78F6-C733-4D60-AAA6-0E570FAED7E1}.Debug|Any CPU.Build.0 = Debug|Any CPU
		{3ACE78F6-C733-4D60-AAA6-0E570FAED7E1}.Release|Any CPU.ActiveCfg = Release|Any CPU
		{3ACE78F6-C733-4D60-AAA6-0E570FAED7E1}.Release|Any CPU.Build.0 = Release|Any CPU
		{8FA98FC2-EFE2-49E9-B3CB-BDF89CD4F9EF}.Debug|Any CPU.ActiveCfg = Debug|Any CPU
		{8FA98FC2-EFE2-49E9-B3CB-BDF89CD4F9EF}.Debug|Any CPU.Build.0 = Debug|Any CPU
		{8FA98FC2-EFE2-49E9-B3CB-BDF89CD4F9EF}.Release|Any CPU.ActiveCfg = Release|Any CPU
		{8FA98FC2-EFE2-49E9-B3CB-BDF89CD4F9EF}.Release|Any CPU.Build.0 = Release|Any CPU
		{FEEB5E2E-2207-4F0B-8454-1D144E12DB7F}.Debug|Any CPU.ActiveCfg = Debug|Any CPU
		{FEEB5E2E-2207-4F0B-8454-1D144E12DB7F}.Debug|Any CPU.Build.0 = Debug|Any CPU
		{FEEB5E2E-2207-4F0B-8454-1D144E12DB7F}.Release|Any CPU.ActiveCfg = Release|Any CPU
		{FEEB5E2E-2207-4F0B-8454-1D144E12DB7F}.Release|Any CPU.Build.0 = Release|Any CPU
		{D5E143CB-93FF-4013-9F6E-D7CC1F069CFF}.Debug|Any CPU.ActiveCfg = Debug|Any CPU
		{D5E143CB-93FF-4013-9F6E-D7CC1F069CFF}.Debug|Any CPU.Build.0 = Debug|Any CPU
		{D5E143CB-93FF-4013-9F6E-D7CC1F069CFF}.Release|Any CPU.ActiveCfg = Release|Any CPU
		{D5E143CB-93FF-4013-9F6E-D7CC1F069CFF}.Release|Any CPU.Build.0 = Release|Any CPU
		{7E040709-862E-4455-93A4-0F0DCE75D1D9}.Debug|Any CPU.ActiveCfg = Debug|Any CPU
		{7E040709-862E-4455-93A4-0F0DCE75D1D9}.Debug|Any CPU.Build.0 = Debug|Any CPU
		{7E040709-862E-4455-93A4-0F0DCE75D1D9}.Release|Any CPU.ActiveCfg = Release|Any CPU
		{7E040709-862E-4455-93A4-0F0DCE75D1D9}.Release|Any CPU.Build.0 = Release|Any CPU
	EndGlobalSection
	GlobalSection(SolutionProperties) = preSolution
		HideSolutionNode = FALSE
	EndGlobalSection
	GlobalSection(NestedProjects) = preSolution
		{CC77CF13-AC62-4263-93F5-DC3BFA1C58A7} = {84FAD803-2695-484B-B1EA-BC2301E2A9CC}
		{C0F5F1EE-48D8-42B4-A95A-889633818841} = {84FAD803-2695-484B-B1EA-BC2301E2A9CC}
		{DCDA8DF5-6FFC-4957-927A-2CD7D333E1DC} = {84FAD803-2695-484B-B1EA-BC2301E2A9CC}
		{0DF3BA84-8922-47B1-8218-0356EDE9DC10} = {84FAD803-2695-484B-B1EA-BC2301E2A9CC}
		{3ACE78F6-C733-4D60-AAA6-0E570FAED7E1} = {84FAD803-2695-484B-B1EA-BC2301E2A9CC}
		{8FA98FC2-EFE2-49E9-B3CB-BDF89CD4F9EF} = {CC637E01-8253-4FFE-8BE7-20999AC2656C}
		{FEEB5E2E-2207-4F0B-8454-1D144E12DB7F} = {CC637E01-8253-4FFE-8BE7-20999AC2656C}
		{7E040709-862E-4455-93A4-0F0DCE75D1D9} = {84FAD803-2695-484B-B1EA-BC2301E2A9CC}
	EndGlobalSection
	GlobalSection(ExtensibilityGlobals) = postSolution
		SolutionGuid = {50D067BC-05D8-4962-8943-D4BACCD3D516}
	EndGlobalSection
EndGlobal
