
Microsoft Visual Studio Solution File, Format Version 12.00
# Visual Studio 15
VisualStudioVersion = 15.0.26621.2
MinimumVisualStudioVersion = 10.0.40219.1
Project("{9A19103F-16F7-4668-BE54-9A1E7A4F7556}") = "ConsoleApp", "examples\ConsoleApp\ConsoleApp.csproj", "{33862DE0-9ED5-4211-9292-A8D91048D22C}"
EndProject
Project("{9A19103F-16F7-4668-BE54-9A1E7A4F7556}") = "WebApp", "examples\WebApp\WebApp.csproj", "{38F17773-D09A-455A-B9D1-8F8A8E8BF910}"
EndProject
Global
	GlobalSection(SolutionConfigurationPlatforms) = preSolution
		Debug|Any CPU = Debug|Any CPU
		Release|Any CPU = Release|Any CPU
	EndGlobalSection
	GlobalSection(ProjectConfigurationPlatforms) = postSolution
		{33862DE0-9ED5-4211-9292-A8D91048D22C}.Debug|Any CPU.ActiveCfg = Debug|Any CPU
		{33862DE0-9ED5-4211-9292-A8D91048D22C}.Debug|Any CPU.Build.0 = Debug|Any CPU
		{33862DE0-9ED5-4211-9292-A8D91048D22C}.Release|Any CPU.ActiveCfg = Release|Any CPU
		{33862DE0-9ED5-4211-9292-A8D91048D22C}.Release|Any CPU.Build.0 = Release|Any CPU
		{38F17773-D09A-455A-B9D1-8F8A8E8BF910}.Debug|Any CPU.ActiveCfg = Debug|Any CPU
		{38F17773-D09A-455A-B9D1-8F8A8E8BF910}.Debug|Any CPU.Build.0 = Debug|Any CPU
		{38F17773-D09A-455A-B9D1-8F8A8E8BF910}.Release|Any CPU.ActiveCfg = Release|Any CPU
		{38F17773-D09A-455A-B9D1-8F8A8E8BF910}.Release|Any CPU.Build.0 = Release|Any CPU
	EndGlobalSection
	GlobalSection(SolutionProperties) = preSolution
		HideSolutionNode = FALSE
	EndGlobalSection
	GlobalSection(ExtensibilityGlobals) = postSolution
		SolutionGuid = {50D067BC-05D8-4962-8943-D4BACCD3D516}
	EndGlobalSection
EndGlobal
